
Microsoft Visual Studio Solution File, Format Version 12.00
# Visual Studio Version 16
VisualStudioVersion = 16.0.29905.134
MinimumVisualStudioVersion = 10.0.40219.1
Project("{9A19103F-16F7-4668-BE54-9A1E7A4F7556}") = "OptionType", "OptionType.csproj", "{223F72F8-80C4-404A-8DBE-D81F2684C226}"
EndProject
Project("{2150E333-8FDC-42A3-9474-1A3956D46DE8}") = "Structural Patterns", "Structural Patterns", "{4CAB3E47-05CD-4359-ADA6-6F5662DE62B7}"
EndProject
Project("{FAE04EC0-301F-11D3-BF4B-00C04F79EFBC}") = "BridgePattern", "BridgePattern\BridgePattern.csproj", "{FFA47FC0-FC44-421B-A813-333481CC522C}"
EndProject
Project("{FAE04EC0-301F-11D3-BF4B-00C04F79EFBC}") = "Contract", "BridgePattern\Contract\Contract.csproj", "{A61E6EA3-69FA-45BC-B586-9BC1312E36A9}"
EndProject
Project("{FAE04EC0-301F-11D3-BF4B-00C04F79EFBC}") = "Core", "BridgePattern\Core\Core.csproj", "{22FDCDC5-77CA-403C-8BB8-BD3D8F3BE167}"
EndProject
Project("{2150E333-8FDC-42A3-9474-1A3956D46DE8}") = "BridgePattern", "BridgePattern", "{545F5053-B9FD-441C-8008-8FD6D3F1C5EE}"
EndProject
Global
	GlobalSection(SolutionConfigurationPlatforms) = preSolution
		Debug|Any CPU = Debug|Any CPU
		Release|Any CPU = Release|Any CPU
	EndGlobalSection
	GlobalSection(ProjectConfigurationPlatforms) = postSolution
		{223F72F8-80C4-404A-8DBE-D81F2684C226}.Debug|Any CPU.ActiveCfg = Debug|Any CPU
		{223F72F8-80C4-404A-8DBE-D81F2684C226}.Debug|Any CPU.Build.0 = Debug|Any CPU
		{223F72F8-80C4-404A-8DBE-D81F2684C226}.Release|Any CPU.ActiveCfg = Release|Any CPU
		{223F72F8-80C4-404A-8DBE-D81F2684C226}.Release|Any CPU.Build.0 = Release|Any CPU
		{FFA47FC0-FC44-421B-A813-333481CC522C}.Debug|Any CPU.ActiveCfg = Debug|Any CPU
		{FFA47FC0-FC44-421B-A813-333481CC522C}.Debug|Any CPU.Build.0 = Debug|Any CPU
		{FFA47FC0-FC44-421B-A813-333481CC522C}.Release|Any CPU.ActiveCfg = Release|Any CPU
		{FFA47FC0-FC44-421B-A813-333481CC522C}.Release|Any CPU.Build.0 = Release|Any CPU
		{A61E6EA3-69FA-45BC-B586-9BC1312E36A9}.Debug|Any CPU.ActiveCfg = Debug|Any CPU
		{A61E6EA3-69FA-45BC-B586-9BC1312E36A9}.Debug|Any CPU.Build.0 = Debug|Any CPU
		{A61E6EA3-69FA-45BC-B586-9BC1312E36A9}.Release|Any CPU.ActiveCfg = Release|Any CPU
		{A61E6EA3-69FA-45BC-B586-9BC1312E36A9}.Release|Any CPU.Build.0 = Release|Any CPU
		{22FDCDC5-77CA-403C-8BB8-BD3D8F3BE167}.Debug|Any CPU.ActiveCfg = Debug|Any CPU
		{22FDCDC5-77CA-403C-8BB8-BD3D8F3BE167}.Debug|Any CPU.Build.0 = Debug|Any CPU
		{22FDCDC5-77CA-403C-8BB8-BD3D8F3BE167}.Release|Any CPU.ActiveCfg = Release|Any CPU
		{22FDCDC5-77CA-403C-8BB8-BD3D8F3BE167}.Release|Any CPU.Build.0 = Release|Any CPU
	EndGlobalSection
	GlobalSection(SolutionProperties) = preSolution
		HideSolutionNode = FALSE
	EndGlobalSection
	GlobalSection(ExtensibilityGlobals) = postSolution
		SolutionGuid = {08E3B823-E8AA-4E56-9EDB-5BBB4885C179}
	EndGlobalSection
	GlobalSection(NestedProjects) = preSolution
		{FFA47FC0-FC44-421B-A813-333481CC522C} = {545F5053-B9FD-441C-8008-8FD6D3F1C5EE}
		{A61E6EA3-69FA-45BC-B586-9BC1312E36A9} = {545F5053-B9FD-441C-8008-8FD6D3F1C5EE}
		{22FDCDC5-77CA-403C-8BB8-BD3D8F3BE167} = {545F5053-B9FD-441C-8008-8FD6D3F1C5EE}
		{545F5053-B9FD-441C-8008-8FD6D3F1C5EE} = {4CAB3E47-05CD-4359-ADA6-6F5662DE62B7}
	EndGlobalSection
EndGlobal
